
Microsoft Visual Studio Solution File, Format Version 10.00
# Visual Studio 2008
Project("{54435603-DBB4-11D2-8724-00A0C9A8B90C}") = "SafeBrowserSetup", "SafeBrowserSetup\SafeBrowserSetup.vdproj", "{91A6E749-E3E8-436B-A43D-C323C62EA032}"
EndProject
Global
	GlobalSection(SolutionConfigurationPlatforms) = preSolution
		Debug|Default = Debug|Default
		Release|Default = Release|Default
	EndGlobalSection
	GlobalSection(ProjectConfigurationPlatforms) = postSolution
		{91A6E749-E3E8-436B-A43D-C323C62EA032}.Debug|Default.ActiveCfg = Debug
		{91A6E749-E3E8-436B-A43D-C323C62EA032}.Debug|Default.Build.0 = Debug
		{91A6E749-E3E8-436B-A43D-C323C62EA032}.Release|Default.ActiveCfg = Release
		{91A6E749-E3E8-436B-A43D-C323C62EA032}.Release|Default.Build.0 = Release
	EndGlobalSection
	GlobalSection(SolutionProperties) = preSolution
		HideSolutionNode = FALSE
	EndGlobalSection
EndGlobal
